
Microsoft Visual Studio Solution File, Format Version 12.00
# Visual Studio Version 16
VisualStudioVersion = 16.0.31129.286
MinimumVisualStudioVersion = 10.0.40219.1
Project("{FAE04EC0-301F-11D3-BF4B-00C04F79EFBC}") = "Печерский А.А", "Печерский А.А\Печерский А.А.csproj", "{EB60C2BB-20AE-40CF-A787-DCE200804E3F}"
EndProject
Global
	GlobalSection(SolutionConfigurationPlatforms) = preSolution
		Debug|Any CPU = Debug|Any CPU
		Release|Any CPU = Release|Any CPU
	EndGlobalSection
	GlobalSection(ProjectConfigurationPlatforms) = postSolution
		{EB60C2BB-20AE-40CF-A787-DCE200804E3F}.Debug|Any CPU.ActiveCfg = Debug|Any CPU
		{EB60C2BB-20AE-40CF-A787-DCE200804E3F}.Debug|Any CPU.Build.0 = Debug|Any CPU
		{EB60C2BB-20AE-40CF-A787-DCE200804E3F}.Release|Any CPU.ActiveCfg = Release|Any CPU
		{EB60C2BB-20AE-40CF-A787-DCE200804E3F}.Release|Any CPU.Build.0 = Release|Any CPU
	EndGlobalSection
	GlobalSection(SolutionProperties) = preSolution
		HideSolutionNode = FALSE
	EndGlobalSection
	GlobalSection(ExtensibilityGlobals) = postSolution
		SolutionGuid = {633932BD-E133-4C74-AD41-DC7CCAC3672E}
	EndGlobalSection
EndGlobal
