
Microsoft Visual Studio Solution File, Format Version 12.00
# Visual Studio Version 16
VisualStudioVersion = 16.0.31129.286
MinimumVisualStudioVersion = 10.0.40219.1
Project("{FAE04EC0-301F-11D3-BF4B-00C04F79EFBC}") = "настя", "настя\настя.csproj", "{887CAF27-A7DB-4369-ACF5-EC76AE43B800}"
EndProject
Global
	GlobalSection(SolutionConfigurationPlatforms) = preSolution
		Debug|Any CPU = Debug|Any CPU
		Release|Any CPU = Release|Any CPU
	EndGlobalSection
	GlobalSection(ProjectConfigurationPlatforms) = postSolution
		{887CAF27-A7DB-4369-ACF5-EC76AE43B800}.Debug|Any CPU.ActiveCfg = Debug|Any CPU
		{887CAF27-A7DB-4369-ACF5-EC76AE43B800}.Debug|Any CPU.Build.0 = Debug|Any CPU
		{887CAF27-A7DB-4369-ACF5-EC76AE43B800}.Release|Any CPU.ActiveCfg = Release|Any CPU
		{887CAF27-A7DB-4369-ACF5-EC76AE43B800}.Release|Any CPU.Build.0 = Release|Any CPU
	EndGlobalSection
	GlobalSection(SolutionProperties) = preSolution
		HideSolutionNode = FALSE
	EndGlobalSection
	GlobalSection(ExtensibilityGlobals) = postSolution
		SolutionGuid = {BCAD6019-F04D-48E7-A9B0-BE8782290629}
	EndGlobalSection
EndGlobal
