
Microsoft Visual Studio Solution File, Format Version 12.00
# Visual Studio Version 16
VisualStudioVersion = 16.0.31129.286
MinimumVisualStudioVersion = 10.0.40219.1
Project("{FAE04EC0-301F-11D3-BF4B-00C04F79EFBC}") = "griga", "griga\griga.csproj", "{607EA057-632E-400C-9672-C4C450AB44AE}"
EndProject
Global
	GlobalSection(SolutionConfigurationPlatforms) = preSolution
		Debug|Any CPU = Debug|Any CPU
		Release|Any CPU = Release|Any CPU
	EndGlobalSection
	GlobalSection(ProjectConfigurationPlatforms) = postSolution
		{607EA057-632E-400C-9672-C4C450AB44AE}.Debug|Any CPU.ActiveCfg = Debug|Any CPU
		{607EA057-632E-400C-9672-C4C450AB44AE}.Debug|Any CPU.Build.0 = Debug|Any CPU
		{607EA057-632E-400C-9672-C4C450AB44AE}.Release|Any CPU.ActiveCfg = Release|Any CPU
		{607EA057-632E-400C-9672-C4C450AB44AE}.Release|Any CPU.Build.0 = Release|Any CPU
	EndGlobalSection
	GlobalSection(SolutionProperties) = preSolution
		HideSolutionNode = FALSE
	EndGlobalSection
	GlobalSection(ExtensibilityGlobals) = postSolution
		SolutionGuid = {34533851-CE57-4CA1-96E2-FA378D4A4CD5}
	EndGlobalSection
EndGlobal
